
Microsoft Visual Studio Solution File, Format Version 12.00
# Visual Studio Version 16
VisualStudioVersion = 16.0.31729.503
MinimumVisualStudioVersion = 10.0.40219.1
Project("{FAE04EC0-301F-11D3-BF4B-00C04F79EFBC}") = "Raducu_Alexandru_Gabriel_Lab2", "Raducu_Alexandru_Gabriel_Lab2.csproj", "{A81C951E-6550-4D0C-881D-13B31EF9E8F5}"
EndProject
Global
	GlobalSection(SolutionConfigurationPlatforms) = preSolution
		Debug|Any CPU = Debug|Any CPU
		Release|Any CPU = Release|Any CPU
	EndGlobalSection
	GlobalSection(ProjectConfigurationPlatforms) = postSolution
		{A81C951E-6550-4D0C-881D-13B31EF9E8F5}.Debug|Any CPU.ActiveCfg = Debug|Any CPU
		{A81C951E-6550-4D0C-881D-13B31EF9E8F5}.Debug|Any CPU.Build.0 = Debug|Any CPU
		{A81C951E-6550-4D0C-881D-13B31EF9E8F5}.Release|Any CPU.ActiveCfg = Release|Any CPU
		{A81C951E-6550-4D0C-881D-13B31EF9E8F5}.Release|Any CPU.Build.0 = Release|Any CPU
	EndGlobalSection
	GlobalSection(SolutionProperties) = preSolution
		HideSolutionNode = FALSE
	EndGlobalSection
	GlobalSection(ExtensibilityGlobals) = postSolution
		SolutionGuid = {28DAD780-2A13-47C6-B613-C7F13E00F182}
	EndGlobalSection
EndGlobal
